
Microsoft Visual Studio Solution File, Format Version 12.00
# Visual Studio Version 17
VisualStudioVersion = 17.4.33403.182
MinimumVisualStudioVersion = 10.0.40219.1
Project("{FAE04EC0-301F-11D3-BF4B-00C04F79EFBC}") = "amogous", "amogous\amogous.csproj", "{3763CF97-F52B-4DD9-915F-E6C1623B9BA4}"
EndProject
Global
	GlobalSection(SolutionConfigurationPlatforms) = preSolution
		Debug|Any CPU = Debug|Any CPU
		Release|Any CPU = Release|Any CPU
	EndGlobalSection
	GlobalSection(ProjectConfigurationPlatforms) = postSolution
		{3763CF97-F52B-4DD9-915F-E6C1623B9BA4}.Debug|Any CPU.ActiveCfg = Debug|Any CPU
		{3763CF97-F52B-4DD9-915F-E6C1623B9BA4}.Debug|Any CPU.Build.0 = Debug|Any CPU
		{3763CF97-F52B-4DD9-915F-E6C1623B9BA4}.Release|Any CPU.ActiveCfg = Release|Any CPU
		{3763CF97-F52B-4DD9-915F-E6C1623B9BA4}.Release|Any CPU.Build.0 = Release|Any CPU
	EndGlobalSection
	GlobalSection(SolutionProperties) = preSolution
		HideSolutionNode = FALSE
	EndGlobalSection
	GlobalSection(ExtensibilityGlobals) = postSolution
		SolutionGuid = {DCE91D94-7CA8-4EE7-83C8-55FB42152839}
	EndGlobalSection
EndGlobal
